
Microsoft Visual Studio Solution File, Format Version 12.00
# Visual Studio Version 17
VisualStudioVersion = 17.14.36408.4 d17.14
MinimumVisualStudioVersion = 10.0.40219.1
Project("{FAE04EC0-301F-11D3-BF4B-00C04F79EFBC}") = "SenderService", "SenderService\SenderService.csproj", "{7E428A5A-3127-43BD-A28F-A1B17FEBC8FC}"
EndProject
Project("{FAE04EC0-301F-11D3-BF4B-00C04F79EFBC}") = "ConsumerApi", "ConsumerApi\ConsumerApi.csproj", "{31207EC7-4233-4589-9B46-59847B36775D}"
EndProject
Project("{FAE04EC0-301F-11D3-BF4B-00C04F79EFBC}") = "Contracts", "Contracts\Contracts.csproj", "{88ADB64F-C86E-4E49-8739-A9FA62005A07}"
EndProject
Global
	GlobalSection(SolutionConfigurationPlatforms) = preSolution
		Debug|Any CPU = Debug|Any CPU
		Release|Any CPU = Release|Any CPU
	EndGlobalSection
	GlobalSection(ProjectConfigurationPlatforms) = postSolution
		{7E428A5A-3127-43BD-A28F-A1B17FEBC8FC}.Debug|Any CPU.ActiveCfg = Debug|Any CPU
		{7E428A5A-3127-43BD-A28F-A1B17FEBC8FC}.Debug|Any CPU.Build.0 = Debug|Any CPU
		{7E428A5A-3127-43BD-A28F-A1B17FEBC8FC}.Release|Any CPU.ActiveCfg = Release|Any CPU
		{7E428A5A-3127-43BD-A28F-A1B17FEBC8FC}.Release|Any CPU.Build.0 = Release|Any CPU
		{31207EC7-4233-4589-9B46-59847B36775D}.Debug|Any CPU.ActiveCfg = Debug|Any CPU
		{31207EC7-4233-4589-9B46-59847B36775D}.Debug|Any CPU.Build.0 = Debug|Any CPU
		{31207EC7-4233-4589-9B46-59847B36775D}.Release|Any CPU.ActiveCfg = Release|Any CPU
		{31207EC7-4233-4589-9B46-59847B36775D}.Release|Any CPU.Build.0 = Release|Any CPU
		{88ADB64F-C86E-4E49-8739-A9FA62005A07}.Debug|Any CPU.ActiveCfg = Debug|Any CPU
		{88ADB64F-C86E-4E49-8739-A9FA62005A07}.Debug|Any CPU.Build.0 = Debug|Any CPU
		{88ADB64F-C86E-4E49-8739-A9FA62005A07}.Release|Any CPU.ActiveCfg = Release|Any CPU
		{88ADB64F-C86E-4E49-8739-A9FA62005A07}.Release|Any CPU.Build.0 = Release|Any CPU
	EndGlobalSection
	GlobalSection(SolutionProperties) = preSolution
		HideSolutionNode = FALSE
	EndGlobalSection
	GlobalSection(ExtensibilityGlobals) = postSolution
		SolutionGuid = {E07524AE-7978-48EA-9BB3-61A7CCE078C5}
	EndGlobalSection
EndGlobal
